
Microsoft Visual Studio Solution File, Format Version 12.00
# Visual Studio 2013
Project("{FAE04EC0-301F-11D3-BF4B-00C04F79EFBC}") = "UnityVS.Ludum Dare.CSharp", "UnityVS.Ludum Dare.CSharp.csproj", "{64B4E467-D139-0D07-893F-F6770F4CD70B}"
EndProject
Project("{FAE04EC0-301F-11D3-BF4B-00C04F79EFBC}") = "UnityVS.Ludum Dare.CSharp.Editor", "UnityVS.Ludum Dare.CSharp.Editor.csproj", "{8CF38A08-9AD7-CF64-096B-EE56FB56D9A9}"
EndProject
Global
	GlobalSection(SolutionConfigurationPlatforms) = preSolution
		Debug|Any CPU = Debug|Any CPU
		Release|Any CPU = Release|Any CPU
	EndGlobalSection
	GlobalSection(ProjectConfigurationPlatforms) = postSolution
		{64B4E467-D139-0D07-893F-F6770F4CD70B}.Debug|Any CPU.ActiveCfg = Debug|Any CPU
		{64B4E467-D139-0D07-893F-F6770F4CD70B}.Debug|Any CPU.Build.0 = Debug|Any CPU
		{64B4E467-D139-0D07-893F-F6770F4CD70B}.Release|Any CPU.ActiveCfg = Release|Any CPU
		{64B4E467-D139-0D07-893F-F6770F4CD70B}.Release|Any CPU.Build.0 = Release|Any CPU
		{8CF38A08-9AD7-CF64-096B-EE56FB56D9A9}.Debug|Any CPU.ActiveCfg = Debug|Any CPU
		{8CF38A08-9AD7-CF64-096B-EE56FB56D9A9}.Debug|Any CPU.Build.0 = Debug|Any CPU
		{8CF38A08-9AD7-CF64-096B-EE56FB56D9A9}.Release|Any CPU.ActiveCfg = Release|Any CPU
		{8CF38A08-9AD7-CF64-096B-EE56FB56D9A9}.Release|Any CPU.Build.0 = Release|Any CPU
	EndGlobalSection
	GlobalSection(SolutionProperties) = preSolution
		HideSolutionNode = FALSE
	EndGlobalSection
EndGlobal
